
Microsoft Visual Studio Solution File, Format Version 12.00
# Visual Studio 15
VisualStudioVersion = 15.0.27004.2010
MinimumVisualStudioVersion = 10.0.40219.1
Project("{FAE04EC0-301F-11D3-BF4B-00C04F79EFBC}") = "SocketDatos", "SocketDatos\SocketDatos.csproj", "{B9B409F6-1852-4362-831A-D43EBBD0667A}"
EndProject
Global
	GlobalSection(SolutionConfigurationPlatforms) = preSolution
		Debug|Any CPU = Debug|Any CPU
		Release|Any CPU = Release|Any CPU
	EndGlobalSection
	GlobalSection(ProjectConfigurationPlatforms) = postSolution
		{B9B409F6-1852-4362-831A-D43EBBD0667A}.Debug|Any CPU.ActiveCfg = Debug|Any CPU
		{B9B409F6-1852-4362-831A-D43EBBD0667A}.Debug|Any CPU.Build.0 = Debug|Any CPU
		{B9B409F6-1852-4362-831A-D43EBBD0667A}.Release|Any CPU.ActiveCfg = Release|Any CPU
		{B9B409F6-1852-4362-831A-D43EBBD0667A}.Release|Any CPU.Build.0 = Release|Any CPU
	EndGlobalSection
	GlobalSection(SolutionProperties) = preSolution
		HideSolutionNode = FALSE
	EndGlobalSection
	GlobalSection(ExtensibilityGlobals) = postSolution
		SolutionGuid = {815773F9-1E55-4838-8C4F-B30C9058835A}
	EndGlobalSection
EndGlobal
